
Microsoft Visual Studio Solution File, Format Version 12.00
# Visual Studio Version 17
VisualStudioVersion = 17.1.32328.378
MinimumVisualStudioVersion = 10.0.40219.1
Project("{9A19103F-16F7-4668-BE54-9A1E7A4F7556}") = "Service-User", "Service-User\Service-User.csproj", "{0081C3E2-34CB-4485-BB7C-9E1DF8113DA4}"
EndProject
Project("{9A19103F-16F7-4668-BE54-9A1E7A4F7556}") = "Service-Advertisement", "Service-Advertisement\Service-Advertisement.csproj", "{C20DEACC-F26C-4621-A153-9E59D5CF5740}"
EndProject
Project("{E53339B2-1760-4266-BCC7-CA923CBCF16C}") = "docker-compose", "docker-compose.dcproj", "{680AF931-612F-40B4-A990-409CA4A27A64}"
EndProject
Project("{2150E333-8FDC-42A3-9474-1A3956D46DE8}") = "Envoy", "Envoy", "{D36390FD-E77B-4EDF-8A26-0D7C8E44F17B}"
	ProjectSection(SolutionItems) = preProject
		Envoy\Dockerfile = Envoy\Dockerfile
		Envoy\envoy.yaml = Envoy\envoy.yaml
	EndProjectSection
EndProject
Project("{9A19103F-16F7-4668-BE54-9A1E7A4F7556}") = "RabbitMQ-Models", "RabbitMQ-Models\RabbitMQ-Models.csproj", "{6A7F2B95-041B-4F0B-924D-F2A5ED1F4B44}"
EndProject
Project("{FAE04EC0-301F-11D3-BF4B-00C04F79EFBC}") = "Gateway", "Gateway\Gateway.csproj", "{36C9866F-A915-43BB-B180-602B0D89A049}"
EndProject
Global
	GlobalSection(SolutionConfigurationPlatforms) = preSolution
		Debug|Any CPU = Debug|Any CPU
		Release|Any CPU = Release|Any CPU
	EndGlobalSection
	GlobalSection(ProjectConfigurationPlatforms) = postSolution
		{0081C3E2-34CB-4485-BB7C-9E1DF8113DA4}.Debug|Any CPU.ActiveCfg = Debug|Any CPU
		{0081C3E2-34CB-4485-BB7C-9E1DF8113DA4}.Debug|Any CPU.Build.0 = Debug|Any CPU
		{0081C3E2-34CB-4485-BB7C-9E1DF8113DA4}.Release|Any CPU.ActiveCfg = Release|Any CPU
		{0081C3E2-34CB-4485-BB7C-9E1DF8113DA4}.Release|Any CPU.Build.0 = Release|Any CPU
		{C20DEACC-F26C-4621-A153-9E59D5CF5740}.Debug|Any CPU.ActiveCfg = Debug|Any CPU
		{C20DEACC-F26C-4621-A153-9E59D5CF5740}.Debug|Any CPU.Build.0 = Debug|Any CPU
		{C20DEACC-F26C-4621-A153-9E59D5CF5740}.Release|Any CPU.ActiveCfg = Release|Any CPU
		{C20DEACC-F26C-4621-A153-9E59D5CF5740}.Release|Any CPU.Build.0 = Release|Any CPU
		{680AF931-612F-40B4-A990-409CA4A27A64}.Debug|Any CPU.ActiveCfg = Debug|Any CPU
		{680AF931-612F-40B4-A990-409CA4A27A64}.Debug|Any CPU.Build.0 = Debug|Any CPU
		{680AF931-612F-40B4-A990-409CA4A27A64}.Release|Any CPU.ActiveCfg = Release|Any CPU
		{680AF931-612F-40B4-A990-409CA4A27A64}.Release|Any CPU.Build.0 = Release|Any CPU
		{6A7F2B95-041B-4F0B-924D-F2A5ED1F4B44}.Debug|Any CPU.ActiveCfg = Debug|Any CPU
		{6A7F2B95-041B-4F0B-924D-F2A5ED1F4B44}.Debug|Any CPU.Build.0 = Debug|Any CPU
		{6A7F2B95-041B-4F0B-924D-F2A5ED1F4B44}.Release|Any CPU.ActiveCfg = Release|Any CPU
		{6A7F2B95-041B-4F0B-924D-F2A5ED1F4B44}.Release|Any CPU.Build.0 = Release|Any CPU
		{36C9866F-A915-43BB-B180-602B0D89A049}.Debug|Any CPU.ActiveCfg = Debug|Any CPU
		{36C9866F-A915-43BB-B180-602B0D89A049}.Debug|Any CPU.Build.0 = Debug|Any CPU
		{36C9866F-A915-43BB-B180-602B0D89A049}.Release|Any CPU.ActiveCfg = Release|Any CPU
		{36C9866F-A915-43BB-B180-602B0D89A049}.Release|Any CPU.Build.0 = Release|Any CPU
	EndGlobalSection
	GlobalSection(SolutionProperties) = preSolution
		HideSolutionNode = FALSE
	EndGlobalSection
	GlobalSection(ExtensibilityGlobals) = postSolution
		SolutionGuid = {58832866-4831-4766-8BD2-12CC983A4C8C}
	EndGlobalSection
EndGlobal
